
Microsoft Visual Studio Solution File, Format Version 12.00
# Visual Studio 15
VisualStudioVersion = 15.0.27703.2035
MinimumVisualStudioVersion = 10.0.40219.1
Project("{FAE04EC0-301F-11D3-BF4B-00C04F79EFBC}") = "CaseysOnlineStore", "CaseysOnlineStore\CaseysOnlineStore.csproj", "{1FCB24B2-A52E-41FF-A591-A85D5548F8AA}"
EndProject
Global
	GlobalSection(SolutionConfigurationPlatforms) = preSolution
		Debug|Any CPU = Debug|Any CPU
		Release|Any CPU = Release|Any CPU
	EndGlobalSection
	GlobalSection(ProjectConfigurationPlatforms) = postSolution
		{1FCB24B2-A52E-41FF-A591-A85D5548F8AA}.Debug|Any CPU.ActiveCfg = Debug|Any CPU
		{1FCB24B2-A52E-41FF-A591-A85D5548F8AA}.Debug|Any CPU.Build.0 = Debug|Any CPU
		{1FCB24B2-A52E-41FF-A591-A85D5548F8AA}.Release|Any CPU.ActiveCfg = Release|Any CPU
		{1FCB24B2-A52E-41FF-A591-A85D5548F8AA}.Release|Any CPU.Build.0 = Release|Any CPU
	EndGlobalSection
	GlobalSection(SolutionProperties) = preSolution
		HideSolutionNode = FALSE
	EndGlobalSection
	GlobalSection(ExtensibilityGlobals) = postSolution
		SolutionGuid = {E85EA213-E76F-406B-B344-4444279FCC16}
	EndGlobalSection
EndGlobal
